
Microsoft Visual Studio Solution File, Format Version 12.00
# Visual Studio Version 17
VisualStudioVersion = 17.2.32630.192
MinimumVisualStudioVersion = 10.0.40219.1
Project("{FAE04EC0-301F-11D3-BF4B-00C04F79EFBC}") = "MySuperBank2", "MySuperBank2\MySuperBank2.csproj", "{69FE9477-C4DE-4F96-9E98-818CFEA9C4DF}"
EndProject
Project("{FAE04EC0-301F-11D3-BF4B-00C04F79EFBC}") = "MySuperBank2Library", "MySuperBank2Library\MySuperBank2Library.csproj", "{64064888-97C9-49A1-9E3B-A87A6F5B8B7B}"
EndProject
Project("{FAE04EC0-301F-11D3-BF4B-00C04F79EFBC}") = "MySuperBank2Test", "MySuperBank2Test\MySuperBank2Test.csproj", "{3ABFD2FF-3BEA-4AE2-99D3-669F3062B571}"
EndProject
Global
	GlobalSection(SolutionConfigurationPlatforms) = preSolution
		Debug|Any CPU = Debug|Any CPU
		Release|Any CPU = Release|Any CPU
	EndGlobalSection
	GlobalSection(ProjectConfigurationPlatforms) = postSolution
		{69FE9477-C4DE-4F96-9E98-818CFEA9C4DF}.Debug|Any CPU.ActiveCfg = Debug|Any CPU
		{69FE9477-C4DE-4F96-9E98-818CFEA9C4DF}.Debug|Any CPU.Build.0 = Debug|Any CPU
		{69FE9477-C4DE-4F96-9E98-818CFEA9C4DF}.Release|Any CPU.ActiveCfg = Release|Any CPU
		{69FE9477-C4DE-4F96-9E98-818CFEA9C4DF}.Release|Any CPU.Build.0 = Release|Any CPU
		{64064888-97C9-49A1-9E3B-A87A6F5B8B7B}.Debug|Any CPU.ActiveCfg = Debug|Any CPU
		{64064888-97C9-49A1-9E3B-A87A6F5B8B7B}.Debug|Any CPU.Build.0 = Debug|Any CPU
		{64064888-97C9-49A1-9E3B-A87A6F5B8B7B}.Release|Any CPU.ActiveCfg = Release|Any CPU
		{64064888-97C9-49A1-9E3B-A87A6F5B8B7B}.Release|Any CPU.Build.0 = Release|Any CPU
		{3ABFD2FF-3BEA-4AE2-99D3-669F3062B571}.Debug|Any CPU.ActiveCfg = Debug|Any CPU
		{3ABFD2FF-3BEA-4AE2-99D3-669F3062B571}.Debug|Any CPU.Build.0 = Debug|Any CPU
		{3ABFD2FF-3BEA-4AE2-99D3-669F3062B571}.Release|Any CPU.ActiveCfg = Release|Any CPU
		{3ABFD2FF-3BEA-4AE2-99D3-669F3062B571}.Release|Any CPU.Build.0 = Release|Any CPU
	EndGlobalSection
	GlobalSection(SolutionProperties) = preSolution
		HideSolutionNode = FALSE
	EndGlobalSection
	GlobalSection(ExtensibilityGlobals) = postSolution
		SolutionGuid = {72647C7A-77DC-4B58-BE77-B6F6AA1A2EF7}
	EndGlobalSection
EndGlobal
